
Microsoft Visual Studio Solution File, Format Version 11.00
# Visual Studio 2010
Project("{FAE04EC0-301F-11D3-BF4B-00C04F79EFBC}") = "ScheduleAPIDemo", "ScheduleAPIDemo\ScheduleAPIDemo.csproj", "{EF079B0A-6851-4890-B2CB-A0A09775550A}"
EndProject
Global
	GlobalSection(SolutionConfigurationPlatforms) = preSolution
		Debug|Any CPU = Debug|Any CPU
		Release|Any CPU = Release|Any CPU
	EndGlobalSection
	GlobalSection(ProjectConfigurationPlatforms) = postSolution
		{EF079B0A-6851-4890-B2CB-A0A09775550A}.Debug|Any CPU.ActiveCfg = Debug|Any CPU
		{EF079B0A-6851-4890-B2CB-A0A09775550A}.Debug|Any CPU.Build.0 = Debug|Any CPU
		{EF079B0A-6851-4890-B2CB-A0A09775550A}.Release|Any CPU.ActiveCfg = Release|Any CPU
		{EF079B0A-6851-4890-B2CB-A0A09775550A}.Release|Any CPU.Build.0 = Release|Any CPU
	EndGlobalSection
	GlobalSection(SolutionProperties) = preSolution
		HideSolutionNode = FALSE
	EndGlobalSection
EndGlobal
